
Microsoft Visual Studio Solution File, Format Version 12.00
# Visual Studio Version 17
VisualStudioVersion = 17.0.32112.339
MinimumVisualStudioVersion = 10.0.40219.1
Project("{9A19103F-16F7-4668-BE54-9A1E7A4F7556}") = "TODO", "ToDo\TODO.csproj", "{C89F1E68-CB10-4C18-BE5D-D2E486B1C416}"
EndProject
Project("{9A19103F-16F7-4668-BE54-9A1E7A4F7556}") = "TODO.BLL", "ToDo.BLL\TODO.BLL.csproj", "{2D48CCE5-88CD-4B19-BE67-511309326143}"
EndProject
Project("{9A19103F-16F7-4668-BE54-9A1E7A4F7556}") = "TODO.DAL", "ToDo.DAL\TODO.DAL.csproj", "{D4D0864E-BEF5-441E-B399-FCDD7382257B}"
EndProject
Project("{FAE04EC0-301F-11D3-BF4B-00C04F79EFBC}") = "TODO.Domain", "TODO.Domain\TODO.Domain.csproj", "{3B6CB2A4-792D-441B-A0DF-B1C7AF352B01}"
EndProject
Global
	GlobalSection(SolutionConfigurationPlatforms) = preSolution
		Debug|Any CPU = Debug|Any CPU
		Release|Any CPU = Release|Any CPU
	EndGlobalSection
	GlobalSection(ProjectConfigurationPlatforms) = postSolution
		{C89F1E68-CB10-4C18-BE5D-D2E486B1C416}.Debug|Any CPU.ActiveCfg = Debug|Any CPU
		{C89F1E68-CB10-4C18-BE5D-D2E486B1C416}.Debug|Any CPU.Build.0 = Debug|Any CPU
		{C89F1E68-CB10-4C18-BE5D-D2E486B1C416}.Release|Any CPU.ActiveCfg = Release|Any CPU
		{C89F1E68-CB10-4C18-BE5D-D2E486B1C416}.Release|Any CPU.Build.0 = Release|Any CPU
		{2D48CCE5-88CD-4B19-BE67-511309326143}.Debug|Any CPU.ActiveCfg = Debug|Any CPU
		{2D48CCE5-88CD-4B19-BE67-511309326143}.Debug|Any CPU.Build.0 = Debug|Any CPU
		{2D48CCE5-88CD-4B19-BE67-511309326143}.Release|Any CPU.ActiveCfg = Release|Any CPU
		{2D48CCE5-88CD-4B19-BE67-511309326143}.Release|Any CPU.Build.0 = Release|Any CPU
		{D4D0864E-BEF5-441E-B399-FCDD7382257B}.Debug|Any CPU.ActiveCfg = Debug|Any CPU
		{D4D0864E-BEF5-441E-B399-FCDD7382257B}.Debug|Any CPU.Build.0 = Debug|Any CPU
		{D4D0864E-BEF5-441E-B399-FCDD7382257B}.Release|Any CPU.ActiveCfg = Release|Any CPU
		{D4D0864E-BEF5-441E-B399-FCDD7382257B}.Release|Any CPU.Build.0 = Release|Any CPU
		{3B6CB2A4-792D-441B-A0DF-B1C7AF352B01}.Debug|Any CPU.ActiveCfg = Debug|Any CPU
		{3B6CB2A4-792D-441B-A0DF-B1C7AF352B01}.Debug|Any CPU.Build.0 = Debug|Any CPU
		{3B6CB2A4-792D-441B-A0DF-B1C7AF352B01}.Release|Any CPU.ActiveCfg = Release|Any CPU
		{3B6CB2A4-792D-441B-A0DF-B1C7AF352B01}.Release|Any CPU.Build.0 = Release|Any CPU
	EndGlobalSection
	GlobalSection(SolutionProperties) = preSolution
		HideSolutionNode = FALSE
	EndGlobalSection
	GlobalSection(ExtensibilityGlobals) = postSolution
		SolutionGuid = {DF05B238-56B2-4E83-B91F-226CE31D9F29}
	EndGlobalSection
EndGlobal
